
Microsoft Visual Studio Solution File, Format Version 12.00
# Visual Studio Version 16
VisualStudioVersion = 16.0.31005.135
MinimumVisualStudioVersion = 10.0.40219.1
Project("{FAE04EC0-301F-11D3-BF4B-00C04F79EFBC}") = "Tarea árboles avl", "Tarea árboles avl\Tarea árboles avl.csproj", "{B201AE7B-E663-44DC-AB72-0B948415C196}"
EndProject
Global
	GlobalSection(SolutionConfigurationPlatforms) = preSolution
		Debug|Any CPU = Debug|Any CPU
		Release|Any CPU = Release|Any CPU
	EndGlobalSection
	GlobalSection(ProjectConfigurationPlatforms) = postSolution
		{B201AE7B-E663-44DC-AB72-0B948415C196}.Debug|Any CPU.ActiveCfg = Debug|Any CPU
		{B201AE7B-E663-44DC-AB72-0B948415C196}.Debug|Any CPU.Build.0 = Debug|Any CPU
		{B201AE7B-E663-44DC-AB72-0B948415C196}.Release|Any CPU.ActiveCfg = Release|Any CPU
		{B201AE7B-E663-44DC-AB72-0B948415C196}.Release|Any CPU.Build.0 = Release|Any CPU
	EndGlobalSection
	GlobalSection(SolutionProperties) = preSolution
		HideSolutionNode = FALSE
	EndGlobalSection
	GlobalSection(ExtensibilityGlobals) = postSolution
		SolutionGuid = {B1A89577-8B8D-4ABD-A120-DA1F247D5BAB}
	EndGlobalSection
EndGlobal
